
Microsoft Visual Studio Solution File, Format Version 12.00
# Visual Studio Version 16
VisualStudioVersion = 25.0.1703.8
MinimumVisualStudioVersion = 10.0.40219.1
Project("{FAE04EC0-301F-11D3-BF4B-00C04F79EFBC}") = "BarclayServer", "BarclayServer.csproj", "{5C3123B6-A6AF-4F52-8C23-43AB62B2A160}"
EndProject
Global
	GlobalSection(SolutionConfigurationPlatforms) = preSolution
		Debug|Any CPU = Debug|Any CPU
		Release|Any CPU = Release|Any CPU
	EndGlobalSection
	GlobalSection(ProjectConfigurationPlatforms) = postSolution
		{5C3123B6-A6AF-4F52-8C23-43AB62B2A160}.Debug|Any CPU.ActiveCfg = Debug|Any CPU
		{5C3123B6-A6AF-4F52-8C23-43AB62B2A160}.Debug|Any CPU.Build.0 = Debug|Any CPU
		{5C3123B6-A6AF-4F52-8C23-43AB62B2A160}.Release|Any CPU.ActiveCfg = Release|Any CPU
		{5C3123B6-A6AF-4F52-8C23-43AB62B2A160}.Release|Any CPU.Build.0 = Release|Any CPU
	EndGlobalSection
	GlobalSection(SolutionProperties) = preSolution
		HideSolutionNode = FALSE
	EndGlobalSection
	GlobalSection(ExtensibilityGlobals) = postSolution
		SolutionGuid = {259CF39A-7B04-4BB7-91E5-B5821888C5F7}
	EndGlobalSection
EndGlobal
